# Generated from requirements.txt sha256=2cbe3fe584119c32d83c5baeb9efdb6df7fb97cb299de8ded8c06a21970da081
# Generated from requirements-container.txt sha256=600a01e499ebdf0b09a8ff5144acfe1082b4186083ce51092fbeaba0a48ab777
# Container base image: python:3.12.14-slim-bookworm@sha256:782412e85d0f0984994c290652577d4018aff08145c85b262bb63dc0c7522254
bidict==0.24.1
blinker==1.9.0
click==8.5.0
Flask==3.1.3
Flask-SocketIO==5.6.1
gunicorn==23.0.0
h11==0.16.0
itsdangerous==2.2.0
Jinja2==3.1.6
MarkupSafe==3.0.3
packaging==26.3
psutil==7.2.2
python-dotenv==1.2.3
python-engineio==4.14.0
python-socketio==5.16.4
simple-websocket==1.1.0
Werkzeug==3.1.8
wsproto==1.3.2
